name: Refresh Frontend Lockfile

on:
  workflow_dispatch:

permissions:
  contents: write

jobs:
  refresh:
    runs-on: ubuntu-latest
    steps:
      - uses: actions/checkout@11bd71901bbe5b1630ceea73d27597364c9af683
      - uses: pnpm/action-setup@f40ffcd9367d9f12939873eb1018b921a783ffaa
        with:
          version: 9
      - uses: actions/setup-node@49933ea5288caeca8642d1e84afbd3f7d6820020
        with:
          node-version: "24"
          cache: pnpm
          cache-dependency-path: Frontend/pnpm-lock.yaml
      - name: Regenerate lockfile
        working-directory: Frontend
        run: pnpm install --no-frozen-lockfile
      - name: Commit refreshed lockfile
        run: |
          git config user.name "github-actions[bot]"
          git config user.email "41898282+github-actions[bot]@users.noreply.github.com"
          git add Frontend/pnpm-lock.yaml
          git diff --cached --quiet && exit 0
          git commit -m "chore: refresh frontend lockfile"
          git push
